
Microsoft Visual Studio Solution File, Format Version 12.00
# Visual Studio Version 17
VisualStudioVersion = 17.5.33414.496
MinimumVisualStudioVersion = 10.0.40219.1
Project("{FAE04EC0-301F-11D3-BF4B-00C04F79EFBC}") = "vücut kitle indeksi hesaplama", "vücut kitle indeksi hesaplama\vücut kitle indeksi hesaplama.csproj", "{62088F8B-C204-481A-9514-C2C8DB5D3B69}"
EndProject
Global
	GlobalSection(SolutionConfigurationPlatforms) = preSolution
		Debug|Any CPU = Debug|Any CPU
		Release|Any CPU = Release|Any CPU
	EndGlobalSection
	GlobalSection(ProjectConfigurationPlatforms) = postSolution
		{62088F8B-C204-481A-9514-C2C8DB5D3B69}.Debug|Any CPU.ActiveCfg = Debug|Any CPU
		{62088F8B-C204-481A-9514-C2C8DB5D3B69}.Debug|Any CPU.Build.0 = Debug|Any CPU
		{62088F8B-C204-481A-9514-C2C8DB5D3B69}.Release|Any CPU.ActiveCfg = Release|Any CPU
		{62088F8B-C204-481A-9514-C2C8DB5D3B69}.Release|Any CPU.Build.0 = Release|Any CPU
	EndGlobalSection
	GlobalSection(SolutionProperties) = preSolution
		HideSolutionNode = FALSE
	EndGlobalSection
	GlobalSection(ExtensibilityGlobals) = postSolution
		SolutionGuid = {54423557-301F-4D31-B901-4FCE9235D2A7}
	EndGlobalSection
EndGlobal
